
Microsoft Visual Studio Solution File, Format Version 12.00
# Visual Studio Version 16
VisualStudioVersion = 16.0.31105.61
MinimumVisualStudioVersion = 10.0.40219.1
Project("{9A19103F-16F7-4668-BE54-9A1E7A4F7556}") = "Proiect DAW", "Proiect DAW.csproj", "{024CF3AE-0772-4218-BFC3-5AA726EF0ADB}"
EndProject
Global
	GlobalSection(SolutionConfigurationPlatforms) = preSolution
		Debug|Any CPU = Debug|Any CPU
		Release|Any CPU = Release|Any CPU
	EndGlobalSection
	GlobalSection(ProjectConfigurationPlatforms) = postSolution
		{024CF3AE-0772-4218-BFC3-5AA726EF0ADB}.Debug|Any CPU.ActiveCfg = Debug|Any CPU
		{024CF3AE-0772-4218-BFC3-5AA726EF0ADB}.Debug|Any CPU.Build.0 = Debug|Any CPU
		{024CF3AE-0772-4218-BFC3-5AA726EF0ADB}.Release|Any CPU.ActiveCfg = Release|Any CPU
		{024CF3AE-0772-4218-BFC3-5AA726EF0ADB}.Release|Any CPU.Build.0 = Release|Any CPU
	EndGlobalSection
	GlobalSection(SolutionProperties) = preSolution
		HideSolutionNode = FALSE
	EndGlobalSection
	GlobalSection(ExtensibilityGlobals) = postSolution
		SolutionGuid = {C8A1DB64-1F4E-441A-8194-E19DAAC6DBB5}
	EndGlobalSection
EndGlobal
